
Microsoft Visual Studio Solution File, Format Version 12.00
# Visual Studio Version 17
VisualStudioVersion = 17.11.35222.181
MinimumVisualStudioVersion = 10.0.40219.1
Project("{8BC9CEB8-8B4A-11D0-8D11-00A0C91BC942}") = "StatusServer", "StatusServer.vcxproj", "{8CC146E6-6667-42DB-8104-E4CA3DCB23FA}"
EndProject
Global
	GlobalSection(SolutionConfigurationPlatforms) = preSolution
		Debug|x64 = Debug|x64
		Debug|x86 = Debug|x86
		Release|x64 = Release|x64
		Release|x86 = Release|x86
	EndGlobalSection
	GlobalSection(ProjectConfigurationPlatforms) = postSolution
		{8CC146E6-6667-42DB-8104-E4CA3DCB23FA}.Debug|x64.ActiveCfg = Debug|x64
		{8CC146E6-6667-42DB-8104-E4CA3DCB23FA}.Debug|x64.Build.0 = Debug|x64
		{8CC146E6-6667-42DB-8104-E4CA3DCB23FA}.Debug|x86.ActiveCfg = Debug|Win32
		{8CC146E6-6667-42DB-8104-E4CA3DCB23FA}.Debug|x86.Build.0 = Debug|Win32
		{8CC146E6-6667-42DB-8104-E4CA3DCB23FA}.Release|x64.ActiveCfg = Release|x64
		{8CC146E6-6667-42DB-8104-E4CA3DCB23FA}.Release|x64.Build.0 = Release|x64
		{8CC146E6-6667-42DB-8104-E4CA3DCB23FA}.Release|x86.ActiveCfg = Release|Win32
		{8CC146E6-6667-42DB-8104-E4CA3DCB23FA}.Release|x86.Build.0 = Release|Win32
	EndGlobalSection
	GlobalSection(SolutionProperties) = preSolution
		HideSolutionNode = FALSE
	EndGlobalSection
	GlobalSection(ExtensibilityGlobals) = postSolution
		SolutionGuid = {C9D5FA9E-C10A-47E2-A4D4-A26BD65CD05F}
	EndGlobalSection
EndGlobal
